version = 1
requires-python = ">=3.11"

[[package]]
name = "black"
version = "24.10.0"
source = { registry = "https://pypi.org/simple" }
dependencies = [
    { name = "click" },
    { name = "mypy-extensions" },
    { name = "packaging" },
    { name = "pathspec" },
    { name = "platformdirs" },
]
sdist = { url = "https://files.pythonhosted.org/packages/d8/0d/cc2fb42b8c50d80143221515dd7e4766995bd07c56c9a3ed30baf080b6dc/black-24.10.0.tar.gz", hash = "sha256:846ea64c97afe3bc677b761787993be4991810ecc7a4a937816dd6bddedc4875", size = 645813 }
wheels = [
    { url = "https://files.pythonhosted.org/packages/c2/cc/7496bb63a9b06a954d3d0ac9fe7a73f3bf1cd92d7a58877c27f4ad1e9d41/black-24.10.0-cp311-cp311-macosx_10_9_x86_64.whl", hash = "sha256:5a2221696a8224e335c28816a9d331a6c2ae15a2ee34ec857dcf3e45dbfa99ad", size = 1607468 },
    { url = "https://files.pythonhosted.org/packages/2b/e3/69a738fb5ba18b5422f50b4f143544c664d7da40f09c13969b2fd52900e0/black-24.10.0-cp311-cp311-macosx_11_0_arm64.whl", hash = "sha256:f9da3333530dbcecc1be13e69c250ed8dfa67f43c4005fb537bb426e19200d50", size = 1437270 },
    { url = "https://files.pythonhosted.org/packages/c9/9b/2db8045b45844665c720dcfe292fdaf2e49825810c0103e1191515fc101a/black-24.10.0-cp311-cp311-manylinux_2_17_x86_64.manylinux2014_x86_64.manylinux_2_28_x86_64.whl", hash = "sha256:4007b1393d902b48b36958a216c20c4482f601569d19ed1df294a496eb366392", size = 1737061 },
    { url = "https://files.pythonhosted.org/packages/a3/95/17d4a09a5be5f8c65aa4a361444d95edc45def0de887810f508d3f65db7a/black-24.10.0-cp311-cp311-win_amd64.whl", hash = "sha256:394d4ddc64782e51153eadcaaca95144ac4c35e27ef9b0a42e121ae7e57a9175", size = 1423293 },
    { url = "https://files.pythonhosted.org/packages/90/04/bf74c71f592bcd761610bbf67e23e6a3cff824780761f536512437f1e655/black-24.10.0-cp312-cp312-macosx_10_13_x86_64.whl", hash = "sha256:b5e39e0fae001df40f95bd8cc36b9165c5e2ea88900167bddf258bacef9bbdc3", size = 1644256 },
    { url = "https://files.pythonhosted.org/packages/4c/ea/a77bab4cf1887f4b2e0bce5516ea0b3ff7d04ba96af21d65024629afedb6/black-24.10.0-cp312-cp312-macosx_11_0_arm64.whl", hash = "sha256:d37d422772111794b26757c5b55a3eade028aa3fde43121ab7b673d050949d65", size = 1448534 },
    { url = "https://files.pythonhosted.org/packages/4e/3e/443ef8bc1fbda78e61f79157f303893f3fddf19ca3c8989b163eb3469a12/black-24.10.0-cp312-cp312-manylinux_2_17_x86_64.manylinux2014_x86_64.manylinux_2_28_x86_64.whl", hash = "sha256:14b3502784f09ce2443830e3133dacf2c0110d45191ed470ecb04d0f5f6fcb0f", size = 1761892 },
    { url = "https://files.pythonhosted.org/packages/52/93/eac95ff229049a6901bc84fec6908a5124b8a0b7c26ea766b3b8a5debd22/black-24.10.0-cp312-cp312-win_amd64.whl", hash = "sha256:30d2c30dc5139211dda799758559d1b049f7f14c580c409d6ad925b74a4208a8", size = 1434796 },
    { url = "https://files.pythonhosted.org/packages/d0/a0/a993f58d4ecfba035e61fca4e9f64a2ecae838fc9f33ab798c62173ed75c/black-24.10.0-cp313-cp313-macosx_10_13_x86_64.whl", hash = "sha256:1cbacacb19e922a1d75ef2b6ccaefcd6e93a2c05ede32f06a21386a04cedb981", size = 1643986 },
    { url = "https://files.pythonhosted.org/packages/37/d5/602d0ef5dfcace3fb4f79c436762f130abd9ee8d950fa2abdbf8bbc555e0/black-24.10.0-cp313-cp313-macosx_11_0_arm64.whl", hash = "sha256:1f93102e0c5bb3907451063e08b9876dbeac810e7da5a8bfb7aeb5a9ef89066b", size = 1448085 },
    { url = "https://files.pythonhosted.org/packages/47/6d/a3a239e938960df1a662b93d6230d4f3e9b4a22982d060fc38c42f45a56b/black-24.10.0-cp313-cp313-manylinux_2_17_x86_64.manylinux2014_x86_64.manylinux_2_28_x86_64.whl", hash = "sha256:ddacb691cdcdf77b96f549cf9591701d8db36b2f19519373d60d31746068dbf2", size = 1760928 },
    { url = "https://files.pythonhosted.org/packages/dd/cf/af018e13b0eddfb434df4d9cd1b2b7892bab119f7a20123e93f6910982e8/black-24.10.0-cp313-cp313-win_amd64.whl", hash = "sha256:680359d932801c76d2e9c9068d05c6b107f2584b2a5b88831c83962eb9984c1b", size = 1436875 },
    { url = "https://files.pythonhosted.org/packages/8d/a7/4b27c50537ebca8bec139b872861f9d2bf501c5ec51fcf897cb924d9e264/black-24.10.0-py3-none-any.whl", hash = "sha256:3bb2b7a1f7b685f85b11fed1ef10f8a9148bceb49853e47a294a3dd963c1dd7d", size = 206898 },
]

[[package]]
name = "click"
version = "8.1.7"
source = { registry = "https://pypi.org/simple" }
dependencies = [
    { name = "colorama", marker = "platform_system == 'Windows'" },
]
sdist = { url = "https://files.pythonhosted.org/packages/96/d3/f04c7bfcf5c1862a2a5b845c6b2b360488cf47af55dfa79c98f6a6bf98b5/click-8.1.7.tar.gz", hash = "sha256:ca9853ad459e787e2192211578cc907e7594e294c7ccc834310722b41b9ca6de", size = 336121 }
wheels = [
    { url = "https://files.pythonhosted.org/packages/00/2e/d53fa4befbf2cfa713304affc7ca780ce4fc1fd8710527771b58311a3229/click-8.1.7-py3-none-any.whl", hash = "sha256:ae74fb96c20a0277a1d615f1e4d73c8414f5a98db8b799a7931d1582f3390c28", size = 97941 },
]

[[package]]
name = "colorama"
version = "0.4.6"
source = { registry = "https://pypi.org/simple" }
sdist = { url = "https://files.pythonhosted.org/packages/d8/53/6f443c9a4a8358a93a6792e2acffb9d9d5cb0a5cfd8802644b7b1c9a02e4/colorama-0.4.6.tar.gz", hash = "sha256:08695f5cb7ed6e0531a20572697297273c47b8cae5a63ffc6d6ed5c201be6e44", size = 27697 }
wheels = [
    { url = "https://files.pythonhosted.org/packages/d1/d6/3965ed04c63042e047cb6a3e6ed1a63a35087b6a609aa3a15ed8ac56c221/colorama-0.4.6-py2.py3-none-any.whl", hash = "sha256:4f1d9991f5acc0ca119f9d443620b77f9d6b33703e51011c16baf57afb285fc6", size = 25335 },
]

[[package]]
name = "gpib-ctypes"
version = "0.3.0"
source = { registry = "https://pypi.org/simple" }
sdist = { url = "https://files.pythonhosted.org/packages/01/be/fa6877f869665e855788d3bb351cfb788fa2207ee7686d1dd5919d441421/gpib_ctypes-0.3.0.tar.gz", hash = "sha256:73d97a4cd98ce0fb5bbe8a679c58b9475750f68dcc237f411c71cf486a9f8c26", size = 31380 }
wheels = [
    { url = "https://files.pythonhosted.org/packages/95/fc/37a06f859dfdb3686285845d309c66815019330647a4c4b5d650cdf3c0f5/gpib_ctypes-0.3.0-py2.py3-none-any.whl", hash = "sha256:113bcc95980f7a165ea75ba3d19a1393df3cf27a58af69723e66e746cf32ed51", size = 16855 },
]

[[package]]
name = "ifaddr"
version = "0.2.0"
source = { registry = "https://pypi.org/simple" }
sdist = { url = "https://files.pythonhosted.org/packages/e8/ac/fb4c578f4a3256561548cd825646680edcadb9440f3f68add95ade1eb791/ifaddr-0.2.0.tar.gz", hash = "sha256:cc0cbfcaabf765d44595825fb96a99bb12c79716b73b44330ea38ee2b0c4aed4", size = 10485 }
wheels = [
    { url = "https://files.pythonhosted.org/packages/9c/1f/19ebc343cc71a7ffa78f17018535adc5cbdd87afb31d7c34874680148b32/ifaddr-0.2.0-py3-none-any.whl", hash = "sha256:085e0305cfe6f16ab12d72e2024030f5d52674afad6911bb1eee207177b8a748", size = 12314 },
]

[[package]]
name = "keithley-6517b-controller"
version = "0.1.0"
source = { virtual = "." }
dependencies = [
    { name = "black" },
    { name = "gpib-ctypes" },
    { name = "psutil" },
    { name = "pyvisa-py" },
    { name = "zeroconf" },
]

[package.metadata]
requires-dist = [
    { name = "black", specifier = ">=24.10.0" },
    { name = "gpib-ctypes", specifier = ">=0.3.0" },
    { name = "psutil", specifier = ">=6.0.0" },
    { name = "pyvisa-py", specifier = ">=0.7.2" },
    { name = "zeroconf", specifier = ">=0.135.0" },
]

[[package]]
name = "mypy-extensions"
version = "1.0.0"
source = { registry = "https://pypi.org/simple" }
sdist = { url = "https://files.pythonhosted.org/packages/98/a4/1ab47638b92648243faf97a5aeb6ea83059cc3624972ab6b8d2316078d3f/mypy_extensions-1.0.0.tar.gz", hash = "sha256:75dbf8955dc00442a438fc4d0666508a9a97b6bd41aa2f0ffe9d2f2725af0782", size = 4433 }
wheels = [
    { url = "https://files.pythonhosted.org/packages/2a/e2/5d3f6ada4297caebe1a2add3b126fe800c96f56dbe5d1988a2cbe0b267aa/mypy_extensions-1.0.0-py3-none-any.whl", hash = "sha256:4392f6c0eb8a5668a69e23d168ffa70f0be9ccfd32b5cc2d26a34ae5b844552d", size = 4695 },
]

[[package]]
name = "packaging"
version = "24.1"
source = { registry = "https://pypi.org/simple" }
sdist = { url = "https://files.pythonhosted.org/packages/51/65/50db4dda066951078f0a96cf12f4b9ada6e4b811516bf0262c0f4f7064d4/packaging-24.1.tar.gz", hash = "sha256:026ed72c8ed3fcce5bf8950572258698927fd1dbda10a5e981cdf0ac37f4f002", size = 148788 }
wheels = [
    { url = "https://files.pythonhosted.org/packages/08/aa/cc0199a5f0ad350994d660967a8efb233fe0416e4639146c089643407ce6/packaging-24.1-py3-none-any.whl", hash = "sha256:5b8f2217dbdbd2f7f384c41c628544e6d52f2d0f53c6d0c3ea61aa5d1d7ff124", size = 53985 },
]

[[package]]
name = "pathspec"
version = "0.12.1"
source = { registry = "https://pypi.org/simple" }
sdist = { url = "https://files.pythonhosted.org/packages/ca/bc/f35b8446f4531a7cb215605d100cd88b7ac6f44ab3fc94870c120ab3adbf/pathspec-0.12.1.tar.gz", hash = "sha256:a482d51503a1ab33b1c67a6c3813a26953dbdc71c31dacaef9a838c4e29f5712", size = 51043 }
wheels = [
    { url = "https://files.pythonhosted.org/packages/cc/20/ff623b09d963f88bfde16306a54e12ee5ea43e9b597108672ff3a408aad6/pathspec-0.12.1-py3-none-any.whl", hash = "sha256:a0d503e138a4c123b27490a4f7beda6a01c6f288df0e4a8b79c7eb0dc7b4cc08", size = 31191 },
]

[[package]]
name = "platformdirs"
version = "4.3.6"
source = { registry = "https://pypi.org/simple" }
sdist = { url = "https://files.pythonhosted.org/packages/13/fc/128cc9cb8f03208bdbf93d3aa862e16d376844a14f9a0ce5cf4507372de4/platformdirs-4.3.6.tar.gz", hash = "sha256:357fb2acbc885b0419afd3ce3ed34564c13c9b95c89360cd9563f73aa5e2b907", size = 21302 }
wheels = [
    { url = "https://files.pythonhosted.org/packages/3c/a6/bc1012356d8ece4d66dd75c4b9fc6c1f6650ddd5991e421177d9f8f671be/platformdirs-4.3.6-py3-none-any.whl", hash = "sha256:73e575e1408ab8103900836b97580d5307456908a03e92031bab39e4554cc3fb", size = 18439 },
]

[[package]]
name = "psutil"
version = "6.0.0"
source = { registry = "https://pypi.org/simple" }
sdist = { url = "https://files.pythonhosted.org/packages/18/c7/8c6872f7372eb6a6b2e4708b88419fb46b857f7a2e1892966b851cc79fc9/psutil-6.0.0.tar.gz", hash = "sha256:8faae4f310b6d969fa26ca0545338b21f73c6b15db7c4a8d934a5482faa818f2", size = 508067 }
wheels = [
    { url = "https://files.pythonhosted.org/packages/0b/37/f8da2fbd29690b3557cca414c1949f92162981920699cd62095a984983bf/psutil-6.0.0-cp36-abi3-macosx_10_9_x86_64.whl", hash = "sha256:c588a7e9b1173b6e866756dde596fd4cad94f9399daf99ad8c3258b3cb2b47a0", size = 250961 },
    { url = "https://files.pythonhosted.org/packages/35/56/72f86175e81c656a01c4401cd3b1c923f891b31fbcebe98985894176d7c9/psutil-6.0.0-cp36-abi3-manylinux_2_12_i686.manylinux2010_i686.manylinux_2_17_i686.manylinux2014_i686.whl", hash = "sha256:6ed2440ada7ef7d0d608f20ad89a04ec47d2d3ab7190896cd62ca5fc4fe08bf0", size = 287478 },
    { url = "https://files.pythonhosted.org/packages/19/74/f59e7e0d392bc1070e9a70e2f9190d652487ac115bb16e2eff6b22ad1d24/psutil-6.0.0-cp36-abi3-manylinux_2_12_x86_64.manylinux2010_x86_64.manylinux_2_17_x86_64.manylinux2014_x86_64.whl", hash = "sha256:5fd9a97c8e94059b0ef54a7d4baf13b405011176c3b6ff257c247cae0d560ecd", size = 290455 },
    { url = "https://files.pythonhosted.org/packages/cd/5f/60038e277ff0a9cc8f0c9ea3d0c5eb6ee1d2470ea3f9389d776432888e47/psutil-6.0.0-cp36-abi3-manylinux_2_17_aarch64.manylinux2014_aarch64.whl", hash = "sha256:e2e8d0054fc88153ca0544f5c4d554d42e33df2e009c4ff42284ac9ebdef4132", size = 292046 },
    { url = "https://files.pythonhosted.org/packages/8b/20/2ff69ad9c35c3df1858ac4e094f20bd2374d33c8643cf41da8fd7cdcb78b/psutil-6.0.0-cp37-abi3-win32.whl", hash = "sha256:a495580d6bae27291324fe60cea0b5a7c23fa36a7cd35035a16d93bdcf076b9d", size = 253560 },
    { url = "https://files.pythonhosted.org/packages/73/44/561092313ae925f3acfaace6f9ddc4f6a9c748704317bad9c8c8f8a36a79/psutil-6.0.0-cp37-abi3-win_amd64.whl", hash = "sha256:33ea5e1c975250a720b3a6609c490db40dae5d83a4eb315170c4fe0d8b1f34b3", size = 257399 },
    { url = "https://files.pythonhosted.org/packages/7c/06/63872a64c312a24fb9b4af123ee7007a306617da63ff13bcc1432386ead7/psutil-6.0.0-cp38-abi3-macosx_11_0_arm64.whl", hash = "sha256:ffe7fc9b6b36beadc8c322f84e1caff51e8703b88eee1da46d1e3a6ae11b4fd0", size = 251988 },
]

[[package]]
name = "pyvisa"
version = "1.14.1"
source = { registry = "https://pypi.org/simple" }
dependencies = [
    { name = "typing-extensions" },
]
sdist = { url = "https://files.pythonhosted.org/packages/1a/77/577366efd9cff08ddfedcf14f678ff57bb1a6287ccdf157972e6d9e7b494/PyVISA-1.14.1.tar.gz", hash = "sha256:71030041ed4c5dad77687454cf44b8be4d1642e9d1aaa22019248d41d8ed7a79", size = 234683 }
wheels = [
    { url = "https://files.pythonhosted.org/packages/99/a0/0e739df84e0fc61abecc6b4b70ad7aea7f5d7ee37ec504baa365c0fec9da/PyVISA-1.14.1-py3-none-any.whl", hash = "sha256:6e4dfc9b6029b4f00d0d4960348c4889c2747aa7f83276950d48a349eab36a45", size = 176651 },
]

[[package]]
name = "pyvisa-py"
version = "0.7.2"
source = { registry = "https://pypi.org/simple" }
dependencies = [
    { name = "pyvisa" },
    { name = "typing-extensions" },
]
sdist = { url = "https://files.pythonhosted.org/packages/82/14/fffb2de1baaa3dd6e30940a9882d742365baffa3ba4dade0260ddaee6390/PyVISA-py-0.7.2.tar.gz", hash = "sha256:4c5f5b867858457dbebfff92a42fba2d8b046d28defbbec2a09e3c1f0850e851", size = 95701 }
wheels = [
    { url = "https://files.pythonhosted.org/packages/70/7b/9c9cbb09596d00a3a5b009559e9b859ac459d01611fea6b3b655f74dc323/PyVISA_py-0.7.2-py3-none-any.whl", hash = "sha256:c53b941a5ee6547aadc5321f930c924dd5c4434891bc512fcafcdd5a4a8d110d", size = 75570 },
]

[[package]]
name = "typing-extensions"
version = "4.12.2"
source = { registry = "https://pypi.org/simple" }
sdist = { url = "https://files.pythonhosted.org/packages/df/db/f35a00659bc03fec321ba8bce9420de607a1d37f8342eee1863174c69557/typing_extensions-4.12.2.tar.gz", hash = "sha256:1a7ead55c7e559dd4dee8856e3a88b41225abfe1ce8df57b7c13915fe121ffb8", size = 85321 }
wheels = [
    { url = "https://files.pythonhosted.org/packages/26/9f/ad63fc0248c5379346306f8668cda6e2e2e9c95e01216d2b8ffd9ff037d0/typing_extensions-4.12.2-py3-none-any.whl", hash = "sha256:04e5ca0351e0f3f85c6853954072df659d0d13fac324d0072316b67d7794700d", size = 37438 },
]

[[package]]
name = "zeroconf"
version = "0.135.0"
source = { registry = "https://pypi.org/simple" }
dependencies = [
    { name = "ifaddr" },
]
sdist = { url = "https://files.pythonhosted.org/packages/6b/18/fc7cd696bbe46bfab306cfd7fe8111af5c30d7f77204c9e86f5ed2f39e6b/zeroconf-0.135.0.tar.gz", hash = "sha256:9424551ef5a8d91fa8296bb1791e83b31afcd17a336a071928d4a978d7b96b72", size = 171896 }
wheels = [
    { url = "https://files.pythonhosted.org/packages/66/3d/be9369e7ac25bbe84e9d31554a813b8f704b29602f079ad31d398873486c/zeroconf-0.135.0-cp311-cp311-macosx_12_0_x86_64.whl", hash = "sha256:54997ba3ea286cc5e2a3e7c20c5c0eecc33b6416ad465e78d493b55195d273a4", size = 5021761 },
    { url = "https://files.pythonhosted.org/packages/e6/85/c0f8c51bda32f795b6e15cb1499154c84baea1ff38044b27da436127574e/zeroconf-0.135.0-cp311-cp311-macosx_14_0_arm64.whl", hash = "sha256:17aea17f25fd7e5689e01d84bafe9f9af6ef600b74a205f7c6b4332249e5acb0", size = 4806168 },
    { url = "https://files.pythonhosted.org/packages/cb/74/a14c9679bc0949e0af4d464cb1df84bde5047ba628d9992e0ff4b175343d/zeroconf-0.135.0-cp311-cp311-manylinux_2_17_aarch64.manylinux2014_aarch64.whl", hash = "sha256:8a31f60fef58f58fe340381677a1dee1dd64c4b389ea992356a8a6d76ede259d", size = 11323155 },
    { url = "https://files.pythonhosted.org/packages/b0/f5/ddf589b09f2d37150eb7eaa450f6cd7aa7145b4491566d66322a6caa6cac/zeroconf-0.135.0-cp311-cp311-manylinux_2_17_i686.manylinux_2_5_i686.manylinux1_i686.manylinux2014_i686.whl", hash = "sha256:314a4ef6c23141467878ca6660c0ff2280fa3731508bdf7e29847eb2c7ef143f", size = 13880963 },
    { url = "https://files.pythonhosted.org/packages/2e/36/2ed038dea80c261258884291cab0712e4848698d1c4ab174b4a727c4fc86/zeroconf-0.135.0-cp311-cp311-manylinux_2_17_x86_64.manylinux2014_x86_64.whl", hash = "sha256:f179c9ae2dbd374ada6bb97bc5801e40e6044b7f3f9470af521ff01bd73233f7", size = 14418941 },
    { url = "https://files.pythonhosted.org/packages/a0/d6/58e4676a4e31f2e5e566e720210afb849113f66fea5761d008db23be2a50/zeroconf-0.135.0-cp311-cp311-musllinux_1_2_i686.whl", hash = "sha256:05a92a64d102ba63b47f16e9c9a1f4da89b2d7ee1a91680cfc121c9d3a5cd1bf", size = 14267505 },
    { url = "https://files.pythonhosted.org/packages/6f/a8/576f1337b24f737934bc5647de777b6a32836086eb84c8b33461d021bef8/zeroconf-0.135.0-cp311-cp311-musllinux_1_2_x86_64.whl", hash = "sha256:bee6f932bc274a7c631fc231dc62de2c800d22d032a65a3b18fca6a6c7853890", size = 14769253 },
    { url = "https://files.pythonhosted.org/packages/f8/e4/bdf7680a43c6f23d0f525bb82ab16d1ab182b9ab6c793456cbfbfcbb32e3/zeroconf-0.135.0-cp311-cp311-win32.whl", hash = "sha256:4ef34a492ad73f76bde5f6b8e2635cc96dce2a6ca0ac6664c8cccf9941527f70", size = 4461562 },
    { url = "https://files.pythonhosted.org/packages/b3/d6/8d1747aeeaa4da74ec83e3b4a0306da518eb7ca96be0b877eb0bd7f84ead/zeroconf-0.135.0-cp311-cp311-win_amd64.whl", hash = "sha256:8b4819bdc5058e3cf0d8ace112a91acaf883a743d0e25fe392fd3c0f314abe92", size = 4692526 },
    { url = "https://files.pythonhosted.org/packages/7f/d3/13185d544a0a6660bbced3bb83d784dafea7d7aabed66d760e617c5d2674/zeroconf-0.135.0-cp312-cp312-macosx_12_0_x86_64.whl", hash = "sha256:3e1a47beb424cc304c4724526799a0d250f9daead9aa2b2bcd5fbffb6fc4c82e", size = 5028310 },
    { url = "https://files.pythonhosted.org/packages/da/70/17b536c4ab11c03acd0542a3c9fb628886064c2c24a36cc80620f690ba3d/zeroconf-0.135.0-cp312-cp312-macosx_14_0_arm64.whl", hash = "sha256:a5d889da0d311a112fd93342cea6a74650dcd4ef78ba6895e3a1430fcd99c276", size = 4825972 },
    { url = "https://files.pythonhosted.org/packages/20/46/e5c0ff1c7bf10ec138a625ea323632f3f796ac6eb11c4d1fa2ce2c3d35b7/zeroconf-0.135.0-cp312-cp312-manylinux_2_17_aarch64.manylinux2014_aarch64.whl", hash = "sha256:e8927d1fa25b148df856628f9761e84c282ad8c7e8593eef667d82692e97de5d", size = 14059616 },
    { url = "https://files.pythonhosted.org/packages/d7/e6/b194353fb736b554c53f2c6f25992d1c6b2dd8e0b543d31e07164b11a9af/zeroconf-0.135.0-cp312-cp312-manylinux_2_17_i686.manylinux_2_5_i686.manylinux1_i686.manylinux2014_i686.whl", hash = "sha256:13f0f193d9e9f03e0139cd9ad107c9f1e6e5265a86e82d46b09b172d90310a7a", size = 13580508 },
    { url = "https://files.pythonhosted.org/packages/2f/d8/1e348715af8eca78e2116ab528df70341490fdccb2a4ada92e1a449d6c9e/zeroconf-0.135.0-cp312-cp312-manylinux_2_17_x86_64.manylinux2014_x86_64.whl", hash = "sha256:477e792a17b4830f9fa884ce999e085f4d2ad896b32351c394366ffbf08fa4b6", size = 14216875 },
    { url = "https://files.pythonhosted.org/packages/cc/38/cee5c98bd61e075e0324ff3dc4b6f7d441093009a12ae20292775421389d/zeroconf-0.135.0-cp312-cp312-musllinux_1_2_i686.whl", hash = "sha256:442f48d4e04c43b6aebfc1461aafdf975d330c99d43adf3a6c8371d683c555bc", size = 14065434 },
    { url = "https://files.pythonhosted.org/packages/c6/a0/ccacdee5324e050e0721037e63212b7e959df721b72030fbe71a7dd12d51/zeroconf-0.135.0-cp312-cp312-musllinux_1_2_x86_64.whl", hash = "sha256:2b1d6da21cf32746093b3aa6c0aec0fa28b3ea456270686a794b117629eee04b", size = 14556869 },
    { url = "https://files.pythonhosted.org/packages/9a/5b/aa9af07e9305a65f1237867d51d6594f03c64a5f0bb42db0b8fad1b68a7e/zeroconf-0.135.0-cp312-cp312-win32.whl", hash = "sha256:15e7289a9d2a6dcef7c9486f32a4c925a7c462e89318310f48cf273dc6570b00", size = 4465109 },
    { url = "https://files.pythonhosted.org/packages/01/a3/08bb9fcf4f378dd78ec35a6b995b2abdb2a811fed21c39668494db4b6e7c/zeroconf-0.135.0-cp312-cp312-win_amd64.whl", hash = "sha256:34178d43d64d1a37a9dcf44b00f538f61822d42be1297774ec7b12f1be6df058", size = 4689944 },
    { url = "https://files.pythonhosted.org/packages/5b/73/03fc4e0285e88f95425a6fe8ea15821acb328df28a9201141c9618688f86/zeroconf-0.135.0-cp313-cp313-macosx_12_0_x86_64.whl", hash = "sha256:d870f6726619a2cd20a23c33db7b4fe918cecb0f403960aba45a747210018f52", size = 5015667 },
    { url = "https://files.pythonhosted.org/packages/62/50/50c3876fa90ed36cd3941d5aaa4d427f9267d1f01e653ea3fd6ff2517156/zeroconf-0.135.0-cp313-cp313-macosx_14_0_arm64.whl", hash = "sha256:f1742f426b68854df4699690d7824a9a309c90fc31e19af6a65e9ecbc3587d43", size = 4805311 },
    { url = "https://files.pythonhosted.org/packages/ea/10/d47b9b6d5bf6e6a14fd84b8d23f9de62ecaa99e3eedda7600f3282633e0b/zeroconf-0.135.0-cp313-cp313-manylinux_2_17_aarch64.manylinux2014_aarch64.whl", hash = "sha256:22a0e54ee8dcdc3737d5b0b161027a69b120645d28602e56cf9e8ba03bbe58de", size = 13964135 },
    { url = "https://files.pythonhosted.org/packages/68/50/c63266c601a4f4dbbabfb5192b82303724de72774fa4e0cbe56267b1b7ff/zeroconf-0.135.0-cp313-cp313-manylinux_2_17_i686.manylinux_2_5_i686.manylinux1_i686.manylinux2014_i686.whl", hash = "sha256:ccf17796f768ebfff1d81350820ed19a896b9b0b7b0b3d235d8f7b116627c2da", size = 13488613 },
    { url = "https://files.pythonhosted.org/packages/04/dc/262cd0199bc928c28ba2480f38d337392b5fff8a3082fdb1fe3c4316b478/zeroconf-0.135.0-cp313-cp313-manylinux_2_17_x86_64.manylinux2014_x86_64.whl", hash = "sha256:947cae930ccefde300f8ee596bfd87c4561a2656159f577c46ebc0400cd8c0f4", size = 14146777 },
    { url = "https://files.pythonhosted.org/packages/fc/3f/b4739d0a109fea99030b50ccc3fe9d468abee6b800244735990ec8b48c18/zeroconf-0.135.0-cp313-cp313-musllinux_1_2_i686.whl", hash = "sha256:8ff705c05802bb438ee1dd90ac63cf1a1773a17c1fcb6b1a6c118eca1edbb30e", size = 13956709 },
    { url = "https://files.pythonhosted.org/packages/17/06/671a919460f0dd63ef53ec0e2ec0cc43ef15ad5d16cd11f70afc7816c4c0/zeroconf-0.135.0-cp313-cp313-musllinux_1_2_x86_64.whl", hash = "sha256:a3a74f51d9d7702798427057358687a4dbfde4befbd737ae48f8854cf4359e0a", size = 14468846 },
    { url = "https://files.pythonhosted.org/packages/c6/da/3bf02cd0e9757feae7264ddb13c0e6eaa583fdf6e1cd2ceed6259b3e171a/zeroconf-0.135.0-cp313-cp313-win32.whl", hash = "sha256:127a96d6429c855abe075c6f005091ab8a4dcc833c1fe0b2988aab542f3140db", size = 4460584 },
    { url = "https://files.pythonhosted.org/packages/51/21/d76d01656e6f1201bd14a4e3946c7064fe9c0e24195a3e64e85824ca69ca/zeroconf-0.135.0-cp313-cp313-win_amd64.whl", hash = "sha256:a20d1fe41284f73791ae31c34db17b238ce5380fc91381dfceee0ee4d6a6e093", size = 4684271 },
]
